
Microsoft Visual Studio Solution File, Format Version 12.00
# Visual Studio 15
VisualStudioVersion = 15.0.28307.329
MinimumVisualStudioVersion = 10.0.40219.1
Project("{FAE04EC0-301F-11D3-BF4B-00C04F79EFBC}") = "Import_Excel_Data", "Import_Excel_Data\Import_Excel_Data.csproj", "{0351CD94-00EF-4A75-9A34-C633DAB23922}"
EndProject
Global
	GlobalSection(SolutionConfigurationPlatforms) = preSolution
		Debug|Any CPU = Debug|Any CPU
		Debug|x86 = Debug|x86
		Release|Any CPU = Release|Any CPU
		Release|x86 = Release|x86
	EndGlobalSection
	GlobalSection(ProjectConfigurationPlatforms) = postSolution
		{0351CD94-00EF-4A75-9A34-C633DAB23922}.Debug|Any CPU.ActiveCfg = Debug|Any CPU
		{0351CD94-00EF-4A75-9A34-C633DAB23922}.Debug|Any CPU.Build.0 = Debug|Any CPU
		{0351CD94-00EF-4A75-9A34-C633DAB23922}.Debug|x86.ActiveCfg = Debug|Any CPU
		{0351CD94-00EF-4A75-9A34-C633DAB23922}.Debug|x86.Build.0 = Debug|Any CPU
		{0351CD94-00EF-4A75-9A34-C633DAB23922}.Release|Any CPU.ActiveCfg = Release|Any CPU
		{0351CD94-00EF-4A75-9A34-C633DAB23922}.Release|Any CPU.Build.0 = Release|Any CPU
		{0351CD94-00EF-4A75-9A34-C633DAB23922}.Release|x86.ActiveCfg = Release|x86
		{0351CD94-00EF-4A75-9A34-C633DAB23922}.Release|x86.Build.0 = Release|x86
	EndGlobalSection
	GlobalSection(SolutionProperties) = preSolution
		HideSolutionNode = FALSE
	EndGlobalSection
	GlobalSection(ExtensibilityGlobals) = postSolution
		SolutionGuid = {BE06066A-2424-4F87-B0EB-B71E1E82F3C2}
	EndGlobalSection
EndGlobal
